
Microsoft Visual Studio Solution File, Format Version 12.00
# Visual Studio 15
VisualStudioVersion = 15.0.26228.9
MinimumVisualStudioVersion = 10.0.40219.1
Project("{FAE04EC0-301F-11D3-BF4B-00C04F79EFBC}") = "Dualog.Shared.Tests", "Dualog.Shared.Tests\Dualog.Shared.Tests.csproj", "{062E4591-78D0-4378-8DF4-9951445A1BD2}"
EndProject
Project("{FAE04EC0-301F-11D3-BF4B-00C04F79EFBC}") = "Dualog.Shared", "Dualog.Shared\Dualog.Shared.csproj", "{92522581-A1DD-468C-AC02-C062FBE005D8}"
EndProject
Global
	GlobalSection(SolutionConfigurationPlatforms) = preSolution
		Debug|Any CPU = Debug|Any CPU
		Release|Any CPU = Release|Any CPU
	EndGlobalSection
	GlobalSection(ProjectConfigurationPlatforms) = postSolution
		{062E4591-78D0-4378-8DF4-9951445A1BD2}.Debug|Any CPU.ActiveCfg = Debug|Any CPU
		{062E4591-78D0-4378-8DF4-9951445A1BD2}.Debug|Any CPU.Build.0 = Debug|Any CPU
		{062E4591-78D0-4378-8DF4-9951445A1BD2}.Release|Any CPU.ActiveCfg = Release|Any CPU
		{062E4591-78D0-4378-8DF4-9951445A1BD2}.Release|Any CPU.Build.0 = Release|Any CPU
		{92522581-A1DD-468C-AC02-C062FBE005D8}.Debug|Any CPU.ActiveCfg = Debug|Any CPU
		{92522581-A1DD-468C-AC02-C062FBE005D8}.Debug|Any CPU.Build.0 = Debug|Any CPU
		{92522581-A1DD-468C-AC02-C062FBE005D8}.Release|Any CPU.ActiveCfg = Release|Any CPU
		{92522581-A1DD-468C-AC02-C062FBE005D8}.Release|Any CPU.Build.0 = Release|Any CPU
	EndGlobalSection
	GlobalSection(SolutionProperties) = preSolution
		HideSolutionNode = FALSE
	EndGlobalSection
EndGlobal
